
Microsoft Visual Studio Solution File, Format Version 12.00
Project("{FAE04EC0-301F-11D3-BF4B-00C04F79EFBC}") = "Server", "Server\Server.csproj", "{9E0E1BA3-D410-40ED-93E1-B8F3BB1F7754}"
EndProject
Project("{FAE04EC0-301F-11D3-BF4B-00C04F79EFBC}") = "Client", "Client\Client.csproj", "{759AF310-E664-4B49-9E31-495FE96593D8}"
EndProject
Global
	GlobalSection(SolutionConfigurationPlatforms) = preSolution
		Debug|Any CPU = Debug|Any CPU
		Release|Any CPU = Release|Any CPU
	EndGlobalSection
	GlobalSection(ProjectConfigurationPlatforms) = postSolution
		{9E0E1BA3-D410-40ED-93E1-B8F3BB1F7754}.Debug|Any CPU.ActiveCfg = Debug|Any CPU
		{9E0E1BA3-D410-40ED-93E1-B8F3BB1F7754}.Debug|Any CPU.Build.0 = Debug|Any CPU
		{9E0E1BA3-D410-40ED-93E1-B8F3BB1F7754}.Release|Any CPU.ActiveCfg = Release|Any CPU
		{9E0E1BA3-D410-40ED-93E1-B8F3BB1F7754}.Release|Any CPU.Build.0 = Release|Any CPU
		{759AF310-E664-4B49-9E31-495FE96593D8}.Debug|Any CPU.ActiveCfg = Debug|Any CPU
		{759AF310-E664-4B49-9E31-495FE96593D8}.Debug|Any CPU.Build.0 = Debug|Any CPU
		{759AF310-E664-4B49-9E31-495FE96593D8}.Release|Any CPU.ActiveCfg = Release|Any CPU
		{759AF310-E664-4B49-9E31-495FE96593D8}.Release|Any CPU.Build.0 = Release|Any CPU
	EndGlobalSection
EndGlobal
